
Microsoft Visual Studio Solution File, Format Version 11.00
# Visual Studio 2010
Project("{FAE04EC0-301F-11D3-BF4B-00C04F79EFBC}") = "AngularAgenda", "AngularAgenda\AngularAgenda.csproj", "{6AED9540-8C45-4D11-A2A7-17A60642B26A}"
EndProject
Global
	GlobalSection(TeamFoundationVersionControl) = preSolution
		SccNumberOfProjects = 2
		SccEnterpriseProvider = {4CA58AB2-18FA-4F8D-95D4-32DDF27D184C}
		SccTeamFoundationServer = https://tfs.codeplex.com/tfs/tfs27
		SccLocalPath0 = .
		SccProjectUniqueName1 = AngularAgenda\\AngularAgenda.csproj
		SccProjectName1 = AngularAgenda
		SccLocalPath1 = AngularAgenda
	EndGlobalSection
	GlobalSection(SolutionConfigurationPlatforms) = preSolution
		Debug|Any CPU = Debug|Any CPU
		Release|Any CPU = Release|Any CPU
	EndGlobalSection
	GlobalSection(ProjectConfigurationPlatforms) = postSolution
		{6AED9540-8C45-4D11-A2A7-17A60642B26A}.Debug|Any CPU.ActiveCfg = Debug|Any CPU
		{6AED9540-8C45-4D11-A2A7-17A60642B26A}.Debug|Any CPU.Build.0 = Debug|Any CPU
		{6AED9540-8C45-4D11-A2A7-17A60642B26A}.Release|Any CPU.ActiveCfg = Release|Any CPU
		{6AED9540-8C45-4D11-A2A7-17A60642B26A}.Release|Any CPU.Build.0 = Release|Any CPU
	EndGlobalSection
	GlobalSection(SolutionProperties) = preSolution
		HideSolutionNode = FALSE
	EndGlobalSection
EndGlobal
